// !$*UTF8*$!
{
	archiveVersion = 1;
	classes = {
	};
	objectVersion = 55;
	objects = {

/* Begin PBXBuildFile section */
		1F84739E28AA292E00CE41C3 /* Assets.xcassets in Resources */ = {isa = PBXBuildFile; fileRef = 1F84739C28AA292D00CE41C3 /* Assets.xcassets */; };
		1F84739F28AA292E00CE41C3 /* landmarkData.json in Resources */ = {isa = PBXBuildFile; fileRef = 1F84739D28AA292D00CE41C3 /* landmarkData.json */; };
		1F8473A628AA2B1A00CE41C3 /* FileHexagonParameters.swift in Sources */ = {isa = PBXBuildFile; fileRef = 1F8473A528AA2B1A00CE41C3 /* FileHexagonParameters.swift */; };
		1F8473A828AA2DC600CE41C3 /* BadgeBackground.swift in Sources */ = {isa = PBXBuildFile; fileRef = 1F8473A728AA2DC600CE41C3 /* BadgeBackground.swift */; };
		1F8473AA28AB470D00CE41C3 /* BadgeSynbol.swift in Sources */ = {isa = PBXBuildFile; fileRef = 1F8473A928AB470D00CE41C3 /* BadgeSynbol.swift */; };
		1F8473AC28AB495C00CE41C3 /* RotatedBadgeSymbol.swift in Sources */ = {isa = PBXBuildFile; fileRef = 1F8473AB28AB495C00CE41C3 /* RotatedBadgeSymbol.swift */; };
		1F8473AE28AB6C4B00CE41C3 /* Badge.swift in Sources */ = {isa = PBXBuildFile; fileRef = 1F8473AD28AB6C4B00CE41C3 /* Badge.swift */; };
		1F8473B528AB73FD00CE41C3 /* hikeData.json in Resources */ = {isa = PBXBuildFile; fileRef = 1F8473AF28AB73FD00CE41C3 /* hikeData.json */; };
		1F8473B628AB73FD00CE41C3 /* GraphCapsule.swift in Sources */ = {isa = PBXBuildFile; fileRef = 1F8473B128AB73FD00CE41C3 /* GraphCapsule.swift */; };
		1F8473B728AB73FD00CE41C3 /* HikeGraph.swift in Sources */ = {isa = PBXBuildFile; fileRef = 1F8473B228AB73FD00CE41C3 /* HikeGraph.swift */; };
		1F8473B828AB73FD00CE41C3 /* HikeDetail.swift in Sources */ = {isa = PBXBuildFile; fileRef = 1F8473B328AB73FD00CE41C3 /* HikeDetail.swift */; };
		1F8473B928AB73FD00CE41C3 /* HikeView.swift in Sources */ = {isa = PBXBuildFile; fileRef = 1F8473B428AB73FD00CE41C3 /* HikeView.swift */; };
		1F8473BB28AB742900CE41C3 /* Hike.swift in Sources */ = {isa = PBXBuildFile; fileRef = 1F8473BA28AB742900CE41C3 /* Hike.swift */; };
		1FB7CB1B28A9F64B00D76054 /* FavoriteButton.swift in Sources */ = {isa = PBXBuildFile; fileRef = 1FB7CB1A28A9F64B00D76054 /* FavoriteButton.swift */; };
		1FD1D3B428A646D300E77E05 /* MapView.swift in Sources */ = {isa = PBXBuildFile; fileRef = 1FD1D3B328A646D300E77E05 /* MapView.swift */; };
		1FD1D3B828A64DFC00E77E05 /* LankMark.swift in Sources */ = {isa = PBXBuildFile; fileRef = 1FD1D3B728A64DFC00E77E05 /* LankMark.swift */; };
		1FD1D3BA28A650D200E77E05 /* ModelData.swift in Sources */ = {isa = PBXBuildFile; fileRef = 1FD1D3B928A650D200E77E05 /* ModelData.swift */; };
		1FD1D3BF28A6540200E77E05 /* LandmarkRow.swift in Sources */ = {isa = PBXBuildFile; fileRef = 1FD1D3BE28A6540200E77E05 /* LandmarkRow.swift */; };
		1FD1D3C128A6584C00E77E05 /* landmarklist.swift in Sources */ = {isa = PBXBuildFile; fileRef = 1FD1D3C028A6584C00E77E05 /* landmarklist.swift */; };
		1FD1D3C328A6596C00E77E05 /* LandmarkDetial.swift in Sources */ = {isa = PBXBuildFile; fileRef = 1FD1D3C228A6596C00E77E05 /* LandmarkDetial.swift */; };
		1FD4355A28A5F2BD00978CF4 /* _1_first_demo_swiftuiApp.swift in Sources */ = {isa = PBXBuildFile; fileRef = 1FD4355928A5F2BD00978CF4 /* _1_first_demo_swiftuiApp.swift */; };
		1FD4355C28A5F2BD00978CF4 /* ContentView.swift in Sources */ = {isa = PBXBuildFile; fileRef = 1FD4355B28A5F2BD00978CF4 /* ContentView.swift */; };
/* End PBXBuildFile section */

/* Begin PBXFileReference section */
		1F84739C28AA292D00CE41C3 /* Assets.xcassets */ = {isa = PBXFileReference; lastKnownFileType = folder.assetcatalog; path = Assets.xcassets; sourceTree = "<group>"; };
		1F84739D28AA292D00CE41C3 /* landmarkData.json */ = {isa = PBXFileReference; fileEncoding = 4; lastKnownFileType = text.json; path = landmarkData.json; sourceTree = "<group>"; };
		1F8473A528AA2B1A00CE41C3 /* FileHexagonParameters.swift */ = {isa = PBXFileReference; lastKnownFileType = sourcecode.swift; path = FileHexagonParameters.swift; sourceTree = "<group>"; };
		1F8473A728AA2DC600CE41C3 /* BadgeBackground.swift */ = {isa = PBXFileReference; lastKnownFileType = sourcecode.swift; path = BadgeBackground.swift; sourceTree = "<group>"; };
		1F8473A928AB470D00CE41C3 /* BadgeSynbol.swift */ = {isa = PBXFileReference; lastKnownFileType = sourcecode.swift; path = BadgeSynbol.swift; sourceTree = "<group>"; };
		1F8473AB28AB495C00CE41C3 /* RotatedBadgeSymbol.swift */ = {isa = PBXFileReference; lastKnownFileType = sourcecode.swift; path = RotatedBadgeSymbol.swift; sourceTree = "<group>"; };
		1F8473AD28AB6C4B00CE41C3 /* Badge.swift */ = {isa = PBXFileReference; lastKnownFileType = sourcecode.swift; path = Badge.swift; sourceTree = "<group>"; };
		1F8473AF28AB73FD00CE41C3 /* hikeData.json */ = {isa = PBXFileReference; fileEncoding = 4; lastKnownFileType = text.json; path = hikeData.json; sourceTree = "<group>"; };
		1F8473B128AB73FD00CE41C3 /* GraphCapsule.swift */ = {isa = PBXFileReference; fileEncoding = 4; lastKnownFileType = sourcecode.swift; path = GraphCapsule.swift; sourceTree = "<group>"; };
		1F8473B228AB73FD00CE41C3 /* HikeGraph.swift */ = {isa = PBXFileReference; fileEncoding = 4; lastKnownFileType = sourcecode.swift; path = HikeGraph.swift; sourceTree = "<group>"; };
		1F8473B328AB73FD00CE41C3 /* HikeDetail.swift */ = {isa = PBXFileReference; fileEncoding = 4; lastKnownFileType = sourcecode.swift; path = HikeDetail.swift; sourceTree = "<group>"; };
		1F8473B428AB73FD00CE41C3 /* HikeView.swift */ = {isa = PBXFileReference; fileEncoding = 4; lastKnownFileType = sourcecode.swift; path = HikeView.swift; sourceTree = "<group>"; };
		1F8473BA28AB742900CE41C3 /* Hike.swift */ = {isa = PBXFileReference; lastKnownFileType = sourcecode.swift; path = Hike.swift; sourceTree = "<group>"; };
		1FB7CB1A28A9F64B00D76054 /* FavoriteButton.swift */ = {isa = PBXFileReference; lastKnownFileType = sourcecode.swift; name = FavoriteButton.swift; path = ../../../../Desktop/MacDemo/FavoriteButton.swift; sourceTree = "<group>"; };
		1FD1D3B328A646D300E77E05 /* MapView.swift */ = {isa = PBXFileReference; lastKnownFileType = sourcecode.swift; path = MapView.swift; sourceTree = "<group>"; };
		1FD1D3B728A64DFC00E77E05 /* LankMark.swift */ = {isa = PBXFileReference; lastKnownFileType = sourcecode.swift; path = LankMark.swift; sourceTree = "<group>"; };
		1FD1D3B928A650D200E77E05 /* ModelData.swift */ = {isa = PBXFileReference; lastKnownFileType = sourcecode.swift; path = ModelData.swift; sourceTree = "<group>"; };
		1FD1D3BE28A6540200E77E05 /* LandmarkRow.swift */ = {isa = PBXFileReference; lastKnownFileType = sourcecode.swift; path = LandmarkRow.swift; sourceTree = "<group>"; };
		1FD1D3C028A6584C00E77E05 /* landmarklist.swift */ = {isa = PBXFileReference; lastKnownFileType = sourcecode.swift; path = landmarklist.swift; sourceTree = "<group>"; };
		1FD1D3C228A6596C00E77E05 /* LandmarkDetial.swift */ = {isa = PBXFileReference; lastKnownFileType = sourcecode.swift; path = LandmarkDetial.swift; sourceTree = "<group>"; };
		1FD4355628A5F2BD00978CF4 /* 03_Drawing_Paths_and_Shapes.app */ = {isa = PBXFileReference; explicitFileType = wrapper.application; includeInIndex = 0; path = 03_Drawing_Paths_and_Shapes.app; sourceTree = BUILT_PRODUCTS_DIR; };
		1FD4355928A5F2BD00978CF4 /* _1_first_demo_swiftuiApp.swift */ = {isa = PBXFileReference; lastKnownFileType = sourcecode.swift; path = _1_first_demo_swiftuiApp.swift; sourceTree = "<group>"; };
		1FD4355B28A5F2BD00978CF4 /* ContentView.swift */ = {isa = PBXFileReference; lastKnownFileType = sourcecode.swift; path = ContentView.swift; sourceTree = "<group>"; };
/* End PBXFileReference section */

/* Begin PBXFrameworksBuildPhase section */
		1FD4355328A5F2BD00978CF4 /* Frameworks */ = {
			isa = PBXFrameworksBuildPhase;
			buildActionMask = 2147483647;
			files = (
			);
			runOnlyForDeploymentPostprocessing = 0;
		};
/* End PBXFrameworksBuildPhase section */

/* Begin PBXGroup section */
		1F84739B28AA292D00CE41C3 /* Resources */ = {
			isa = PBXGroup;
			children = (
				1F8473AF28AB73FD00CE41C3 /* hikeData.json */,
				1F8473B028AB73FD00CE41C3 /* Hikes */,
				1F84739C28AA292D00CE41C3 /* Assets.xcassets */,
				1F84739D28AA292D00CE41C3 /* landmarkData.json */,
			);
			name = Resources;
			path = ../../Resources;
			sourceTree = "<group>";
		};
		1F8473B028AB73FD00CE41C3 /* Hikes */ = {
			isa = PBXGroup;
			children = (
				1F8473B128AB73FD00CE41C3 /* GraphCapsule.swift */,
				1F8473B228AB73FD00CE41C3 /* HikeGraph.swift */,
				1F8473B328AB73FD00CE41C3 /* HikeDetail.swift */,
				1F8473B428AB73FD00CE41C3 /* HikeView.swift */,
			);
			path = Hikes;
			sourceTree = "<group>";
		};
		1FD1D3BB28A6526C00E77E05 /* Views */ = {
			isa = PBXGroup;
			children = (
				1FD4355B28A5F2BD00978CF4 /* ContentView.swift */,
				1FD1D3B328A646D300E77E05 /* MapView.swift */,
				1FD1D3BE28A6540200E77E05 /* LandmarkRow.swift */,
				1FD1D3C028A6584C00E77E05 /* landmarklist.swift */,
				1FD1D3C228A6596C00E77E05 /* LandmarkDetial.swift */,
				1FB7CB1A28A9F64B00D76054 /* FavoriteButton.swift */,
				1F8473A528AA2B1A00CE41C3 /* FileHexagonParameters.swift */,
				1F8473A728AA2DC600CE41C3 /* BadgeBackground.swift */,
				1F8473A928AB470D00CE41C3 /* BadgeSynbol.swift */,
				1F8473AB28AB495C00CE41C3 /* RotatedBadgeSymbol.swift */,
				1F8473AD28AB6C4B00CE41C3 /* Badge.swift */,
				1F8473BA28AB742900CE41C3 /* Hike.swift */,
			);
			path = Views;
			sourceTree = "<group>";
		};
		1FD1D3BC28A6527C00E77E05 /* Model */ = {
			isa = PBXGroup;
			children = (
				1FD1D3B728A64DFC00E77E05 /* LankMark.swift */,
				1FD1D3B928A650D200E77E05 /* ModelData.swift */,
			);
			path = Model;
			sourceTree = "<group>";
		};
		1FD4354D28A5F2BD00978CF4 = {
			isa = PBXGroup;
			children = (
				1FD4355828A5F2BD00978CF4 /* 01_first_demo_swiftui */,
				1FD4355728A5F2BD00978CF4 /* Products */,
			);
			sourceTree = "<group>";
		};
		1FD4355728A5F2BD00978CF4 /* Products */ = {
			isa = PBXGroup;
			children = (
				1FD4355628A5F2BD00978CF4 /* 03_Drawing_Paths_and_Shapes.app */,
			);
			name = Products;
			sourceTree = "<group>";
		};
		1FD4355828A5F2BD00978CF4 /* 01_first_demo_swiftui */ = {
			isa = PBXGroup;
			children = (
				1F84739B28AA292D00CE41C3 /* Resources */,
				1FD1D3BC28A6527C00E77E05 /* Model */,
				1FD1D3BB28A6526C00E77E05 /* Views */,
				1FD4355928A5F2BD00978CF4 /* _1_first_demo_swiftuiApp.swift */,
				1FD4355F28A5F2C000978CF4 /* Preview Content */,
			);
			path = 01_first_demo_swiftui;
			sourceTree = "<group>";
		};
		1FD4355F28A5F2C000978CF4 /* Preview Content */ = {
			isa = PBXGroup;
			children = (
			);
			path = "Preview Content";
			sourceTree = "<group>";
		};
/* End PBXGroup section */

/* Begin PBXNativeTarget section */
		1FD4355528A5F2BD00978CF4 /* 03_Drawing_Paths_and_Shapes */ = {
			isa = PBXNativeTarget;
			buildConfigurationList = 1FD4356428A5F2C000978CF4 /* Build configuration list for PBXNativeTarget "03_Drawing_Paths_and_Shapes" */;
			buildPhases = (
				1FD4355228A5F2BD00978CF4 /* Sources */,
				1FD4355328A5F2BD00978CF4 /* Frameworks */,
				1FD4355428A5F2BD00978CF4 /* Resources */,
			);
			buildRules = (
			);
			dependencies = (
			);
			name = 03_Drawing_Paths_and_Shapes;
			productName = 01_first_demo_swiftui;
			productReference = 1FD4355628A5F2BD00978CF4 /* 03_Drawing_Paths_and_Shapes.app */;
			productType = "com.apple.product-type.application";
		};
/* End PBXNativeTarget section */

/* Begin PBXProject section */
		1FD4354E28A5F2BD00978CF4 /* Project object */ = {
			isa = PBXProject;
			attributes = {
				BuildIndependentTargetsInParallel = 1;
				LastSwiftUpdateCheck = 1340;
				LastUpgradeCheck = 1340;
				TargetAttributes = {
					1FD4355528A5F2BD00978CF4 = {
						CreatedOnToolsVersion = 13.4.1;
					};
				};
			};
			buildConfigurationList = 1FD4355128A5F2BD00978CF4 /* Build configuration list for PBXProject "03_Drawing_Paths_and_Shapes" */;
			compatibilityVersion = "Xcode 13.0";
			developmentRegion = en;
			hasScannedForEncodings = 0;
			knownRegions = (
				en,
				Base,
			);
			mainGroup = 1FD4354D28A5F2BD00978CF4;
			productRefGroup = 1FD4355728A5F2BD00978CF4 /* Products */;
			projectDirPath = "";
			projectRoot = "";
			targets = (
				1FD4355528A5F2BD00978CF4 /* 03_Drawing_Paths_and_Shapes */,
			);
		};
/* End PBXProject section */

/* Begin PBXResourcesBuildPhase section */
		1FD4355428A5F2BD00978CF4 /* Resources */ = {
			isa = PBXResourcesBuildPhase;
			buildActionMask = 2147483647;
			files = (
				1F84739E28AA292E00CE41C3 /* Assets.xcassets in Resources */,
				1F8473B528AB73FD00CE41C3 /* hikeData.json in Resources */,
				1F84739F28AA292E00CE41C3 /* landmarkData.json in Resources */,
			);
			runOnlyForDeploymentPostprocessing = 0;
		};
/* End PBXResourcesBuildPhase section */

/* Begin PBXSourcesBuildPhase section */
		1FD4355228A5F2BD00978CF4 /* Sources */ = {
			isa = PBXSourcesBuildPhase;
			buildActionMask = 2147483647;
			files = (
				1FD4355C28A5F2BD00978CF4 /* ContentView.swift in Sources */,
				1FD1D3B428A646D300E77E05 /* MapView.swift in Sources */,
				1FD1D3BF28A6540200E77E05 /* LandmarkRow.swift in Sources */,
				1F8473BB28AB742900CE41C3 /* Hike.swift in Sources */,
				1FB7CB1B28A9F64B00D76054 /* FavoriteButton.swift in Sources */,
				1FD1D3BA28A650D200E77E05 /* ModelData.swift in Sources */,
				1F8473B628AB73FD00CE41C3 /* GraphCapsule.swift in Sources */,
				1FD1D3C328A6596C00E77E05 /* LandmarkDetial.swift in Sources */,
				1F8473AA28AB470D00CE41C3 /* BadgeSynbol.swift in Sources */,
				1F8473B828AB73FD00CE41C3 /* HikeDetail.swift in Sources */,
				1F8473AE28AB6C4B00CE41C3 /* Badge.swift in Sources */,
				1F8473A828AA2DC600CE41C3 /* BadgeBackground.swift in Sources */,
				1F8473A628AA2B1A00CE41C3 /* FileHexagonParameters.swift in Sources */,
				1FD1D3B828A64DFC00E77E05 /* LankMark.swift in Sources */,
				1F8473B928AB73FD00CE41C3 /* HikeView.swift in Sources */,
				1F8473AC28AB495C00CE41C3 /* RotatedBadgeSymbol.swift in Sources */,
				1F8473B728AB73FD00CE41C3 /* HikeGraph.swift in Sources */,
				1FD1D3C128A6584C00E77E05 /* landmarklist.swift in Sources */,
				1FD4355A28A5F2BD00978CF4 /* _1_first_demo_swiftuiApp.swift in Sources */,
			);
			runOnlyForDeploymentPostprocessing = 0;
		};
/* End PBXSourcesBuildPhase section */

/* Begin XCBuildConfiguration section */
		1FD4356228A5F2C000978CF4 /* Debug */ = {
			isa = XCBuildConfiguration;
			buildSettings = {
				ALWAYS_SEARCH_USER_PATHS = NO;
				CLANG_ANALYZER_NONNULL = YES;
				CLANG_ANALYZER_NUMBER_OBJECT_CONVERSION = YES_AGGRESSIVE;
				CLANG_CXX_LANGUAGE_STANDARD = "gnu++17";
				CLANG_ENABLE_MODULES = YES;
				CLANG_ENABLE_OBJC_ARC = YES;
				CLANG_ENABLE_OBJC_WEAK = YES;
				CLANG_WARN_BLOCK_CAPTURE_AUTORELEASING = YES;
				CLANG_WARN_BOOL_CONVERSION = YES;
				CLANG_WARN_COMMA = YES;
				CLANG_WARN_CONSTANT_CONVERSION = YES;
				CLANG_WARN_DEPRECATED_OBJC_IMPLEMENTATIONS = YES;
				CLANG_WARN_DIRECT_OBJC_ISA_USAGE = YES_ERROR;
				CLANG_WARN_DOCUMENTATION_COMMENTS = YES;
				CLANG_WARN_EMPTY_BODY = YES;
				CLANG_WARN_ENUM_CONVERSION = YES;
				CLANG_WARN_INFINITE_RECURSION = YES;
				CLANG_WARN_INT_CONVERSION = YES;
				CLANG_WARN_NON_LITERAL_NULL_CONVERSION = YES;
				CLANG_WARN_OBJC_IMPLICIT_RETAIN_SELF = YES;
				CLANG_WARN_OBJC_LITERAL_CONVERSION = YES;
				CLANG_WARN_OBJC_ROOT_CLASS = YES_ERROR;
				CLANG_WARN_QUOTED_INCLUDE_IN_FRAMEWORK_HEADER = YES;
				CLANG_WARN_RANGE_LOOP_ANALYSIS = YES;
				CLANG_WARN_STRICT_PROTOTYPES = YES;
				CLANG_WARN_SUSPICIOUS_MOVE = YES;
				CLANG_WARN_UNGUARDED_AVAILABILITY = YES_AGGRESSIVE;
				CLANG_WARN_UNREACHABLE_CODE = YES;
				CLANG_WARN__DUPLICATE_METHOD_MATCH = YES;
				COPY_PHASE_STRIP = NO;
				DEBUG_INFORMATION_FORMAT = dwarf;
				ENABLE_STRICT_OBJC_MSGSEND = YES;
				ENABLE_TESTABILITY = YES;
				GCC_C_LANGUAGE_STANDARD = gnu11;
				GCC_DYNAMIC_NO_PIC = NO;
				GCC_NO_COMMON_BLOCKS = YES;
				GCC_OPTIMIZATION_LEVEL = 0;
				GCC_PREPROCESSOR_DEFINITIONS = (
					"DEBUG=1",
					"$(inherited)",
				);
				GCC_WARN_64_TO_32_BIT_CONVERSION = YES;
				GCC_WARN_ABOUT_RETURN_TYPE = YES_ERROR;
				GCC_WARN_UNDECLARED_SELECTOR = YES;
				GCC_WARN_UNINITIALIZED_AUTOS = YES_AGGRESSIVE;
				GCC_WARN_UNUSED_FUNCTION = YES;
				GCC_WARN_UNUSED_VARIABLE = YES;
				IPHONEOS_DEPLOYMENT_TARGET = 15.5;
				MTL_ENABLE_DEBUG_INFO = INCLUDE_SOURCE;
				MTL_FAST_MATH = YES;
				ONLY_ACTIVE_ARCH = YES;
				SDKROOT = iphoneos;
				SWIFT_ACTIVE_COMPILATION_CONDITIONS = DEBUG;
				SWIFT_OPTIMIZATION_LEVEL = "-Onone";
			};
			name = Debug;
		};
		1FD4356328A5F2C000978CF4 /* Release */ = {
			isa = XCBuildConfiguration;
			buildSettings = {
				ALWAYS_SEARCH_USER_PATHS = NO;
				CLANG_ANALYZER_NONNULL = YES;
				CLANG_ANALYZER_NUMBER_OBJECT_CONVERSION = YES_AGGRESSIVE;
				CLANG_CXX_LANGUAGE_STANDARD = "gnu++17";
				CLANG_ENABLE_MODULES = YES;
				CLANG_ENABLE_OBJC_ARC = YES;
				CLANG_ENABLE_OBJC_WEAK = YES;
				CLANG_WARN_BLOCK_CAPTURE_AUTORELEASING = YES;
				CLANG_WARN_BOOL_CONVERSION = YES;
				CLANG_WARN_COMMA = YES;
				CLANG_WARN_CONSTANT_CONVERSION = YES;
				CLANG_WARN_DEPRECATED_OBJC_IMPLEMENTATIONS = YES;
				CLANG_WARN_DIRECT_OBJC_ISA_USAGE = YES_ERROR;
				CLANG_WARN_DOCUMENTATION_COMMENTS = YES;
				CLANG_WARN_EMPTY_BODY = YES;
				CLANG_WARN_ENUM_CONVERSION = YES;
				CLANG_WARN_INFINITE_RECURSION = YES;
				CLANG_WARN_INT_CONVERSION = YES;
				CLANG_WARN_NON_LITERAL_NULL_CONVERSION = YES;
				CLANG_WARN_OBJC_IMPLICIT_RETAIN_SELF = YES;
				CLANG_WARN_OBJC_LITERAL_CONVERSION = YES;
				CLANG_WARN_OBJC_ROOT_CLASS = YES_ERROR;
				CLANG_WARN_QUOTED_INCLUDE_IN_FRAMEWORK_HEADER = YES;
				CLANG_WARN_RANGE_LOOP_ANALYSIS = YES;
				CLANG_WARN_STRICT_PROTOTYPES = YES;
				CLANG_WARN_SUSPICIOUS_MOVE = YES;
				CLANG_WARN_UNGUARDED_AVAILABILITY = YES_AGGRESSIVE;
				CLANG_WARN_UNREACHABLE_CODE = YES;
				CLANG_WARN__DUPLICATE_METHOD_MATCH = YES;
				COPY_PHASE_STRIP = NO;
				DEBUG_INFORMATION_FORMAT = "dwarf-with-dsym";
				ENABLE_NS_ASSERTIONS = NO;
				ENABLE_STRICT_OBJC_MSGSEND = YES;
				GCC_C_LANGUAGE_STANDARD = gnu11;
				GCC_NO_COMMON_BLOCKS = YES;
				GCC_WARN_64_TO_32_BIT_CONVERSION = YES;
				GCC_WARN_ABOUT_RETURN_TYPE = YES_ERROR;
				GCC_WARN_UNDECLARED_SELECTOR = YES;
				GCC_WARN_UNINITIALIZED_AUTOS = YES_AGGRESSIVE;
				GCC_WARN_UNUSED_FUNCTION = YES;
				GCC_WARN_UNUSED_VARIABLE = YES;
				IPHONEOS_DEPLOYMENT_TARGET = 15.5;
				MTL_ENABLE_DEBUG_INFO = NO;
				MTL_FAST_MATH = YES;
				SDKROOT = iphoneos;
				SWIFT_COMPILATION_MODE = wholemodule;
				SWIFT_OPTIMIZATION_LEVEL = "-O";
				VALIDATE_PRODUCT = YES;
			};
			name = Release;
		};
		1FD4356528A5F2C000978CF4 /* Debug */ = {
			isa = XCBuildConfiguration;
			buildSettings = {
				ASSETCATALOG_COMPILER_GLOBAL_ACCENT_COLOR_NAME = AccentColor;
				ASSETCATALOG_COMPILER_INCLUDE_ALL_APPICON_ASSETS = YES;
				CODE_SIGN_IDENTITY = "Apple Development";
				CODE_SIGN_STYLE = Automatic;
				CURRENT_PROJECT_VERSION = 1;
				DEVELOPMENT_ASSET_PATHS = "\"01_first_demo_swiftui/Preview Content\"";
				DEVELOPMENT_TEAM = WV5UP98J28;
				ENABLE_PREVIEWS = YES;
				GENERATE_INFOPLIST_FILE = YES;
				INFOPLIST_FILE = "-2-handing-user-input-Info.plist";
				INFOPLIST_KEY_UIApplicationSceneManifest_Generation = YES;
				INFOPLIST_KEY_UIApplicationSupportsIndirectInputEvents = YES;
				INFOPLIST_KEY_UILaunchScreen_Generation = YES;
				INFOPLIST_KEY_UISupportedInterfaceOrientations_iPad = "UIInterfaceOrientationPortrait UIInterfaceOrientationPortraitUpsideDown UIInterfaceOrientationLandscapeLeft UIInterfaceOrientationLandscapeRight";
				INFOPLIST_KEY_UISupportedInterfaceOrientations_iPhone = "UIInterfaceOrientationPortrait UIInterfaceOrientationLandscapeLeft UIInterfaceOrientationLandscapeRight";
				LD_RUNPATH_SEARCH_PATHS = (
					"$(inherited)",
					"@executable_path/Frameworks",
				);
				MARKETING_VERSION = 1.0;
				PRODUCT_BUNDLE_IDENTIFIER = "com.yanqing.pkg.-1-first-demo-swiftui";
				PRODUCT_NAME = "$(TARGET_NAME)";
				PROVISIONING_PROFILE_SPECIFIER = "";
				SWIFT_EMIT_LOC_STRINGS = YES;
				SWIFT_VERSION = 5.0;
				TARGETED_DEVICE_FAMILY = "1,2";
			};
			name = Debug;
		};
		1FD4356628A5F2C000978CF4 /* Release */ = {
			isa = XCBuildConfiguration;
			buildSettings = {
				ASSETCATALOG_COMPILER_GLOBAL_ACCENT_COLOR_NAME = AccentColor;
				ASSETCATALOG_COMPILER_INCLUDE_ALL_APPICON_ASSETS = YES;
				CODE_SIGN_IDENTITY = "Apple Development";
				CODE_SIGN_STYLE = Automatic;
				CURRENT_PROJECT_VERSION = 1;
				DEVELOPMENT_ASSET_PATHS = "\"01_first_demo_swiftui/Preview Content\"";
				DEVELOPMENT_TEAM = WV5UP98J28;
				ENABLE_PREVIEWS = YES;
				GENERATE_INFOPLIST_FILE = YES;
				INFOPLIST_FILE = "-2-handing-user-input-Info.plist";
				INFOPLIST_KEY_UIApplicationSceneManifest_Generation = YES;
				INFOPLIST_KEY_UIApplicationSupportsIndirectInputEvents = YES;
				INFOPLIST_KEY_UILaunchScreen_Generation = YES;
				INFOPLIST_KEY_UISupportedInterfaceOrientations_iPad = "UIInterfaceOrientationPortrait UIInterfaceOrientationPortraitUpsideDown UIInterfaceOrientationLandscapeLeft UIInterfaceOrientationLandscapeRight";
				INFOPLIST_KEY_UISupportedInterfaceOrientations_iPhone = "UIInterfaceOrientationPortrait UIInterfaceOrientationLandscapeLeft UIInterfaceOrientationLandscapeRight";
				LD_RUNPATH_SEARCH_PATHS = (
					"$(inherited)",
					"@executable_path/Frameworks",
				);
				MARKETING_VERSION = 1.0;
				PRODUCT_BUNDLE_IDENTIFIER = "com.yanqing.pkg.-1-first-demo-swiftui";
				PRODUCT_NAME = "$(TARGET_NAME)";
				PROVISIONING_PROFILE_SPECIFIER = "";
				SWIFT_EMIT_LOC_STRINGS = YES;
				SWIFT_VERSION = 5.0;
				TARGETED_DEVICE_FAMILY = "1,2";
			};
			name = Release;
		};
/* End XCBuildConfiguration section */

/* Begin XCConfigurationList section */
		1FD4355128A5F2BD00978CF4 /* Build configuration list for PBXProject "03_Drawing_Paths_and_Shapes" */ = {
			isa = XCConfigurationList;
			buildConfigurations = (
				1FD4356228A5F2C000978CF4 /* Debug */,
				1FD4356328A5F2C000978CF4 /* Release */,
			);
			defaultConfigurationIsVisible = 0;
			defaultConfigurationName = Release;
		};
		1FD4356428A5F2C000978CF4 /* Build configuration list for PBXNativeTarget "03_Drawing_Paths_and_Shapes" */ = {
			isa = XCConfigurationList;
			buildConfigurations = (
				1FD4356528A5F2C000978CF4 /* Debug */,
				1FD4356628A5F2C000978CF4 /* Release */,
			);
			defaultConfigurationIsVisible = 0;
			defaultConfigurationName = Release;
		};
/* End XCConfigurationList section */
	};
	rootObject = 1FD4354E28A5F2BD00978CF4 /* Project object */;
}
